Microsoft Visual Studio Solution File, Format Version 12.00
# Visual Studio Version 17
VisualStudioVersion = 17.5.2.0
MinimumVisualStudioVersion = 10.0.40219.1
Project("{FAE04EC0-301F-11D3-BF4B-00C04F79EFBC}") = "StarterM", "StarterM.csproj", "{0B8DA36C-59A2-BABE-E8E5-023FEEA918C3}"
EndProject
Global
	GlobalSection(SolutionConfigurationPlatforms) = preSolution
		Debug|Any CPU = Debug|Any CPU
		Release|Any CPU = Release|Any CPU
	EndGlobalSection
	GlobalSection(ProjectConfigurationPlatforms) = postSolution
		{0B8DA36C-59A2-BABE-E8E5-023FEEA918C3}.Debug|Any CPU.ActiveCfg = Debug|Any CPU
		{0B8DA36C-59A2-BABE-E8E5-023FEEA918C3}.Debug|Any CPU.Build.0 = Debug|Any CPU
		{0B8DA36C-59A2-BABE-E8E5-023FEEA918C3}.Release|Any CPU.ActiveCfg = Release|Any CPU
		{0B8DA36C-59A2-BABE-E8E5-023FEEA918C3}.Release|Any CPU.Build.0 = Release|Any CPU
	EndGlobalSection
	GlobalSection(SolutionProperties) = preSolution
		HideSolutionNode = FALSE
	EndGlobalSection
	GlobalSection(ExtensibilityGlobals) = postSolution
		SolutionGuid = {9DEEACC5-7F8E-4054-BA5E-6BE0978D7EE7}
	EndGlobalSection
EndGlobal
