
Microsoft Visual Studio Solution File, Format Version 12.00
# Visual Studio Version 17
VisualStudioVersion = 17.14.36804.6 d17.14
MinimumVisualStudioVersion = 10.0.40219.1
Project("{FAE04EC0-301F-11D3-BF4B-00C04F79EFBC}") = "StarterM", "StarterM\StarterM.csproj", "{B93793AE-9D5F-4CAD-8AF2-8199AAED7746}"
EndProject
Global
	GlobalSection(SolutionConfigurationPlatforms) = preSolution
		Debug|Any CPU = Debug|Any CPU
		Release|Any CPU = Release|Any CPU
	EndGlobalSection
	GlobalSection(ProjectConfigurationPlatforms) = postSolution
		{B93793AE-9D5F-4CAD-8AF2-8199AAED7746}.Debug|Any CPU.ActiveCfg = Debug|Any CPU
		{B93793AE-9D5F-4CAD-8AF2-8199AAED7746}.Debug|Any CPU.Build.0 = Debug|Any CPU
		{B93793AE-9D5F-4CAD-8AF2-8199AAED7746}.Release|Any CPU.ActiveCfg = Release|Any CPU
		{B93793AE-9D5F-4CAD-8AF2-8199AAED7746}.Release|Any CPU.Build.0 = Release|Any CPU
	EndGlobalSection
	GlobalSection(SolutionProperties) = preSolution
		HideSolutionNode = FALSE
	EndGlobalSection
	GlobalSection(ExtensibilityGlobals) = postSolution
		SolutionGuid = {6167DAFC-EAE2-4CAF-8918-E2C59B0A62F4}
	EndGlobalSection
EndGlobal
